
Microsoft Visual Studio Solution File, Format Version 12.00
# Visual Studio Version 17
VisualStudioVersion = 17.10.35122.118
MinimumVisualStudioVersion = 10.0.40219.1
Project("{FAE04EC0-301F-11D3-BF4B-00C04F79EFBC}") = "Clinic(1)", "Clinic(1)\Clinic(1).csproj", "{83E58283-874E-4197-8F0B-24F3EDDF4551}"
EndProject
Global
	GlobalSection(SolutionConfigurationPlatforms) = preSolution
		Debug|Any CPU = Debug|Any CPU
		Release|Any CPU = Release|Any CPU
	EndGlobalSection
	GlobalSection(ProjectConfigurationPlatforms) = postSolution
		{83E58283-874E-4197-8F0B-24F3EDDF4551}.Debug|Any CPU.ActiveCfg = Debug|Any CPU
		{83E58283-874E-4197-8F0B-24F3EDDF4551}.Debug|Any CPU.Build.0 = Debug|Any CPU
		{83E58283-874E-4197-8F0B-24F3EDDF4551}.Release|Any CPU.ActiveCfg = Release|Any CPU
		{83E58283-874E-4197-8F0B-24F3EDDF4551}.Release|Any CPU.Build.0 = Release|Any CPU
	EndGlobalSection
	GlobalSection(SolutionProperties) = preSolution
		HideSolutionNode = FALSE
	EndGlobalSection
	GlobalSection(ExtensibilityGlobals) = postSolution
		SolutionGuid = {86A82981-21E1-4218-B1A1-4503C2FFE029}
	EndGlobalSection
EndGlobal
